
Microsoft Visual Studio Solution File, Format Version 12.00
# Visual Studio Version 16
VisualStudioVersion = 16.0.31112.23
MinimumVisualStudioVersion = 10.0.40219.1
Project("{FAE04EC0-301F-11D3-BF4B-00C04F79EFBC}") = "PVAproj", "PVAproj\PVAproj.csproj", "{61C07759-5A0C-4BC3-B3BF-C1A3DA270546}"
EndProject
Global
	GlobalSection(SolutionConfigurationPlatforms) = preSolution
		Debug|Any CPU = Debug|Any CPU
		Release|Any CPU = Release|Any CPU
	EndGlobalSection
	GlobalSection(ProjectConfigurationPlatforms) = postSolution
		{61C07759-5A0C-4BC3-B3BF-C1A3DA270546}.Debug|Any CPU.ActiveCfg = Debug|Any CPU
		{61C07759-5A0C-4BC3-B3BF-C1A3DA270546}.Debug|Any CPU.Build.0 = Debug|Any CPU
		{61C07759-5A0C-4BC3-B3BF-C1A3DA270546}.Release|Any CPU.ActiveCfg = Release|Any CPU
		{61C07759-5A0C-4BC3-B3BF-C1A3DA270546}.Release|Any CPU.Build.0 = Release|Any CPU
	EndGlobalSection
	GlobalSection(SolutionProperties) = preSolution
		HideSolutionNode = FALSE
	EndGlobalSection
	GlobalSection(ExtensibilityGlobals) = postSolution
		SolutionGuid = {AEE16ACC-FEE8-4A7E-BEBB-856927567D13}
	EndGlobalSection
EndGlobal
